<Solution>
  <Folder Name="/src/">
    <Project Path="src/SharpClient.App/SharpClient.App.csproj" />
    <Project Path="src/SharpClient.Core/SharpClient.Core.csproj" />
    <Project Path="src/SharpClient.UI/SharpClient.UI.csproj" />
  </Folder>
  <Folder Name="/tests/">
    <Project Path="tests/SharpClient.Tests/SharpClient.Tests.csproj" />
  </Folder>
</Solution>
